// !$*UTF8*$!
{
	archiveVersion = 1;
	classes = {
	};
	objectVersion = 48;
	objects = {

/* Begin PBXBuildFile section */
		9554821B205A6A6300CD7C6D /* main.swift in Sources */ = {isa = PBXBuildFile; fileRef = 9554821A205A6A6300CD7C6D /* main.swift */; };
		95548222205A6B8200CD7C6D /* Defining.swift in Sources */ = {isa = PBXBuildFile; fileRef = 95548221205A6B8200CD7C6D /* Defining.swift */; };
		95548224205A775200CD7C6D /* Inheritance.swift in Sources */ = {isa = PBXBuildFile; fileRef = 95548223205A775200CD7C6D /* Inheritance.swift */; };
		95548226205A7DC800CD7C6D /* Composition.swift in Sources */ = {isa = PBXBuildFile; fileRef = 95548225205A7DC800CD7C6D /* Composition.swift */; };
		95548228205A978800CD7C6D /* AsAType.swift in Sources */ = {isa = PBXBuildFile; fileRef = 95548227205A978800CD7C6D /* AsAType.swift */; };
/* End PBXBuildFile section */

/* Begin PBXCopyFilesBuildPhase section */
		95548215205A6A6300CD7C6D /* CopyFiles */ = {
			isa = PBXCopyFilesBuildPhase;
			buildActionMask = 2147483647;
			dstPath = /usr/share/man/man1/;
			dstSubfolderSpec = 0;
			files = (
			);
			runOnlyForDeploymentPostprocessing = 1;
		};
/* End PBXCopyFilesBuildPhase section */

/* Begin PBXFileReference section */
		95548217205A6A6300CD7C6D /* TestProject-01 */ = {isa = PBXFileReference; explicitFileType = "compiled.mach-o.executable"; includeInIndex = 0; path = "TestProject-01"; sourceTree = BUILT_PRODUCTS_DIR; };
		9554821A205A6A6300CD7C6D /* main.swift */ = {isa = PBXFileReference; lastKnownFileType = sourcecode.swift; path = main.swift; sourceTree = "<group>"; };
		95548221205A6B8200CD7C6D /* Defining.swift */ = {isa = PBXFileReference; lastKnownFileType = sourcecode.swift; path = Defining.swift; sourceTree = "<group>"; };
		95548223205A775200CD7C6D /* Inheritance.swift */ = {isa = PBXFileReference; lastKnownFileType = sourcecode.swift; path = Inheritance.swift; sourceTree = "<group>"; };
		95548225205A7DC800CD7C6D /* Composition.swift */ = {isa = PBXFileReference; lastKnownFileType = sourcecode.swift; path = Composition.swift; sourceTree = "<group>"; };
		95548227205A978800CD7C6D /* AsAType.swift */ = {isa = PBXFileReference; lastKnownFileType = sourcecode.swift; path = AsAType.swift; sourceTree = "<group>"; };
/* End PBXFileReference section */

/* Begin PBXFrameworksBuildPhase section */
		95548214205A6A6300CD7C6D /* Frameworks */ = {
			isa = PBXFrameworksBuildPhase;
			buildActionMask = 2147483647;
			files = (
			);
			runOnlyForDeploymentPostprocessing = 0;
		};
/* End PBXFrameworksBuildPhase section */

/* Begin PBXGroup section */
		9554820E205A6A6300CD7C6D = {
			isa = PBXGroup;
			children = (
				95548219205A6A6300CD7C6D /* TestProject-01 */,
				95548218205A6A6300CD7C6D /* Products */,
			);
			sourceTree = "<group>";
		};
		95548218205A6A6300CD7C6D /* Products */ = {
			isa = PBXGroup;
			children = (
				95548217205A6A6300CD7C6D /* TestProject-01 */,
			);
			name = Products;
			sourceTree = "<group>";
		};
		95548219205A6A6300CD7C6D /* TestProject-01 */ = {
			isa = PBXGroup;
			children = (
				9554821A205A6A6300CD7C6D /* main.swift */,
				95548221205A6B8200CD7C6D /* Defining.swift */,
				95548223205A775200CD7C6D /* Inheritance.swift */,
				95548225205A7DC800CD7C6D /* Composition.swift */,
				95548227205A978800CD7C6D /* AsAType.swift */,
			);
			path = "TestProject-01";
			sourceTree = "<group>";
		};
/* End PBXGroup section */

/* Begin PBXNativeTarget section */
		95548216205A6A6300CD7C6D /* TestProject-01 */ = {
			isa = PBXNativeTarget;
			buildConfigurationList = 9554821E205A6A6300CD7C6D /* Build configuration list for PBXNativeTarget "TestProject-01" */;
			buildPhases = (
				95548213205A6A6300CD7C6D /* Sources */,
				95548214205A6A6300CD7C6D /* Frameworks */,
				95548215205A6A6300CD7C6D /* CopyFiles */,
			);
			buildRules = (
			);
			dependencies = (
			);
			name = "TestProject-01";
			productName = "TestProject-01";
			productReference = 95548217205A6A6300CD7C6D /* TestProject-01 */;
			productType = "com.apple.product-type.tool";
		};
/* End PBXNativeTarget section */

/* Begin PBXProject section */
		9554820F205A6A6300CD7C6D /* Project object */ = {
			isa = PBXProject;
			attributes = {
				LastSwiftUpdateCheck = 0920;
				LastUpgradeCheck = 0920;
				ORGANIZATIONNAME = "Liu-Mac";
				TargetAttributes = {
					95548216205A6A6300CD7C6D = {
						CreatedOnToolsVersion = 9.2;
						ProvisioningStyle = Automatic;
					};
				};
			};
			buildConfigurationList = 95548212205A6A6300CD7C6D /* Build configuration list for PBXProject "TestProject-01" */;
			compatibilityVersion = "Xcode 8.0";
			developmentRegion = en;
			hasScannedForEncodings = 0;
			knownRegions = (
				en,
			);
			mainGroup = 9554820E205A6A6300CD7C6D;
			productRefGroup = 95548218205A6A6300CD7C6D /* Products */;
			projectDirPath = "";
			projectRoot = "";
			targets = (
				95548216205A6A6300CD7C6D /* TestProject-01 */,
			);
		};
/* End PBXProject section */

/* Begin PBXSourcesBuildPhase section */
		95548213205A6A6300CD7C6D /* Sources */ = {
			isa = PBXSourcesBuildPhase;
			buildActionMask = 2147483647;
			files = (
				95548228205A978800CD7C6D /* AsAType.swift in Sources */,
				95548226205A7DC800CD7C6D /* Composition.swift in Sources */,
				9554821B205A6A6300CD7C6D /* main.swift in Sources */,
				95548222205A6B8200CD7C6D /* Defining.swift in Sources */,
				95548224205A775200CD7C6D /* Inheritance.swift in Sources */,
			);
			runOnlyForDeploymentPostprocessing = 0;
		};
/* End PBXSourcesBuildPhase section */

/* Begin XCBuildConfiguration section */
		9554821C205A6A6300CD7C6D /* Debug */ = {
			isa = XCBuildConfiguration;
			buildSettings = {
				ALWAYS_SEARCH_USER_PATHS = NO;
				CLANG_ANALYZER_NONNULL = YES;
				CLANG_ANALYZER_NUMBER_OBJECT_CONVERSION = YES_AGGRESSIVE;
				CLANG_CXX_LANGUAGE_STANDARD = "gnu++14";
				CLANG_CXX_LIBRARY = "libc++";
				CLANG_ENABLE_MODULES = YES;
				CLANG_ENABLE_OBJC_ARC = YES;
				CLANG_WARN_BLOCK_CAPTURE_AUTORELEASING = YES;
				CLANG_WARN_BOOL_CONVERSION = YES;
				CLANG_WARN_COMMA = YES;
				CLANG_WARN_CONSTANT_CONVERSION = YES;
				CLANG_WARN_DIRECT_OBJC_ISA_USAGE = YES_ERROR;
				CLANG_WARN_DOCUMENTATION_COMMENTS = YES;
				CLANG_WARN_EMPTY_BODY = YES;
				CLANG_WARN_ENUM_CONVERSION = YES;
				CLANG_WARN_INFINITE_RECURSION = YES;
				CLANG_WARN_INT_CONVERSION = YES;
				CLANG_WARN_NON_LITERAL_NULL_CONVERSION = YES;
				CLANG_WARN_OBJC_LITERAL_CONVERSION = YES;
				CLANG_WARN_OBJC_ROOT_CLASS = YES_ERROR;
				CLANG_WARN_RANGE_LOOP_ANALYSIS = YES;
				CLANG_WARN_STRICT_PROTOTYPES = YES;
				CLANG_WARN_SUSPICIOUS_MOVE = YES;
				CLANG_WARN_UNGUARDED_AVAILABILITY = YES_AGGRESSIVE;
				CLANG_WARN_UNREACHABLE_CODE = YES;
				CLANG_WARN__DUPLICATE_METHOD_MATCH = YES;
				CODE_SIGN_IDENTITY = "Mac Developer";
				COPY_PHASE_STRIP = NO;
				DEBUG_INFORMATION_FORMAT = dwarf;
				ENABLE_STRICT_OBJC_MSGSEND = YES;
				ENABLE_TESTABILITY = YES;
				GCC_C_LANGUAGE_STANDARD = gnu11;
				GCC_DYNAMIC_NO_PIC = NO;
				GCC_NO_COMMON_BLOCKS = YES;
				GCC_OPTIMIZATION_LEVEL = 0;
				GCC_PREPROCESSOR_DEFINITIONS = (
					"DEBUG=1",
					"$(inherited)",
				);
				GCC_WARN_64_TO_32_BIT_CONVERSION = YES;
				GCC_WARN_ABOUT_RETURN_TYPE = YES_ERROR;
				GCC_WARN_UNDECLARED_SELECTOR = YES;
				GCC_WARN_UNINITIALIZED_AUTOS = YES_AGGRESSIVE;
				GCC_WARN_UNUSED_FUNCTION = YES;
				GCC_WARN_UNUSED_VARIABLE = YES;
				MACOSX_DEPLOYMENT_TARGET = 10.12;
				MTL_ENABLE_DEBUG_INFO = YES;
				ONLY_ACTIVE_ARCH = YES;
				SDKROOT = macosx;
				SWIFT_ACTIVE_COMPILATION_CONDITIONS = DEBUG;
				SWIFT_OPTIMIZATION_LEVEL = "-Onone";
			};
			name = Debug;
		};
		9554821D205A6A6300CD7C6D /* Release */ = {
			isa = XCBuildConfiguration;
			buildSettings = {
				ALWAYS_SEARCH_USER_PATHS = NO;
				CLANG_ANALYZER_NONNULL = YES;
				CLANG_ANALYZER_NUMBER_OBJECT_CONVERSION = YES_AGGRESSIVE;
				CLANG_CXX_LANGUAGE_STANDARD = "gnu++14";
				CLANG_CXX_LIBRARY = "libc++";
				CLANG_ENABLE_MODULES = YES;
				CLANG_ENABLE_OBJC_ARC = YES;
				CLANG_WARN_BLOCK_CAPTURE_AUTORELEASING = YES;
				CLANG_WARN_BOOL_CONVERSION = YES;
				CLANG_WARN_COMMA = YES;
				CLANG_WARN_CONSTANT_CONVERSION = YES;
				CLANG_WARN_DIRECT_OBJC_ISA_USAGE = YES_ERROR;
				CLANG_WARN_DOCUMENTATION_COMMENTS = YES;
				CLANG_WARN_EMPTY_BODY = YES;
				CLANG_WARN_ENUM_CONVERSION = YES;
				CLANG_WARN_INFINITE_RECURSION = YES;
				CLANG_WARN_INT_CONVERSION = YES;
				CLANG_WARN_NON_LITERAL_NULL_CONVERSION = YES;
				CLANG_WARN_OBJC_LITERAL_CONVERSION = YES;
				CLANG_WARN_OBJC_ROOT_CLASS = YES_ERROR;
				CLANG_WARN_RANGE_LOOP_ANALYSIS = YES;
				CLANG_WARN_STRICT_PROTOTYPES = YES;
				CLANG_WARN_SUSPICIOUS_MOVE = YES;
				CLANG_WARN_UNGUARDED_AVAILABILITY = YES_AGGRESSIVE;
				CLANG_WARN_UNREACHABLE_CODE = YES;
				CLANG_WARN__DUPLICATE_METHOD_MATCH = YES;
				CODE_SIGN_IDENTITY = "Mac Developer";
				COPY_PHASE_STRIP = NO;
				DEBUG_INFORMATION_FORMAT = "dwarf-with-dsym";
				ENABLE_NS_ASSERTIONS = NO;
				ENABLE_STRICT_OBJC_MSGSEND = YES;
				GCC_C_LANGUAGE_STANDARD = gnu11;
				GCC_NO_COMMON_BLOCKS = YES;
				GCC_WARN_64_TO_32_BIT_CONVERSION = YES;
				GCC_WARN_ABOUT_RETURN_TYPE = YES_ERROR;
				GCC_WARN_UNDECLARED_SELECTOR = YES;
				GCC_WARN_UNINITIALIZED_AUTOS = YES_AGGRESSIVE;
				GCC_WARN_UNUSED_FUNCTION = YES;
				GCC_WARN_UNUSED_VARIABLE = YES;
				MACOSX_DEPLOYMENT_TARGET = 10.12;
				MTL_ENABLE_DEBUG_INFO = NO;
				SDKROOT = macosx;
				SWIFT_OPTIMIZATION_LEVEL = "-Owholemodule";
			};
			name = Release;
		};
		9554821F205A6A6300CD7C6D /* Debug */ = {
			isa = XCBuildConfiguration;
			buildSettings = {
				CODE_SIGN_STYLE = Automatic;
				DEVELOPMENT_TEAM = X65GN27YEQ;
				PRODUCT_NAME = "$(TARGET_NAME)";
				SWIFT_VERSION = 4.0;
			};
			name = Debug;
		};
		95548220205A6A6300CD7C6D /* Release */ = {
			isa = XCBuildConfiguration;
			buildSettings = {
				CODE_SIGN_STYLE = Automatic;
				DEVELOPMENT_TEAM = X65GN27YEQ;
				PRODUCT_NAME = "$(TARGET_NAME)";
				SWIFT_VERSION = 4.0;
			};
			name = Release;
		};
/* End XCBuildConfiguration section */

/* Begin XCConfigurationList section */
		95548212205A6A6300CD7C6D /* Build configuration list for PBXProject "TestProject-01" */ = {
			isa = XCConfigurationList;
			buildConfigurations = (
				9554821C205A6A6300CD7C6D /* Debug */,
				9554821D205A6A6300CD7C6D /* Release */,
			);
			defaultConfigurationIsVisible = 0;
			defaultConfigurationName = Release;
		};
		9554821E205A6A6300CD7C6D /* Build configuration list for PBXNativeTarget "TestProject-01" */ = {
			isa = XCConfigurationList;
			buildConfigurations = (
				9554821F205A6A6300CD7C6D /* Debug */,
				95548220205A6A6300CD7C6D /* Release */,
			);
			defaultConfigurationIsVisible = 0;
			defaultConfigurationName = Release;
		};
/* End XCConfigurationList section */
	};
	rootObject = 9554820F205A6A6300CD7C6D /* Project object */;
}
