// !$*UTF8*$!
{
	archiveVersion = 1;
	classes = {
	};
	objectVersion = 50;
	objects = {

/* Begin PBXBuildFile section */
		9592376320916EAA0073EBC0 /* main.swift in Sources */ = {isa = PBXBuildFile; fileRef = 9592376220916EAA0073EBC0 /* main.swift */; };
		9592376A20916ECF0073EBC0 /* singleton.swift in Sources */ = {isa = PBXBuildFile; fileRef = 9592376920916ECF0073EBC0 /* singleton.swift */; };
		9592376C2091732C0073EBC0 /* Burger.swift in Sources */ = {isa = PBXBuildFile; fileRef = 9592376B2091732C0073EBC0 /* Burger.swift */; };
		B9BCAB4920A92D940040E41B /* TextValidationProtocol.swift in Sources */ = {isa = PBXBuildFile; fileRef = B9BCAB4820A92D930040E41B /* TextValidationProtocol.swift */; };
		B9BCAB4B20A92DE20040E41B /* Validation.swift in Sources */ = {isa = PBXBuildFile; fileRef = B9BCAB4A20A92DE20040E41B /* Validation.swift */; };
		B9BCAB4F20A979B10040E41B /* bridge.swift in Sources */ = {isa = PBXBuildFile; fileRef = B9BCAB4E20A979B10040E41B /* bridge.swift */; };
		B9BCAB5120A9878A0040E41B /* facade.swift in Sources */ = {isa = PBXBuildFile; fileRef = B9BCAB5020A9878A0040E41B /* facade.swift */; };
		B9BCAB5320A98E570040E41B /* proxy.swift in Sources */ = {isa = PBXBuildFile; fileRef = B9BCAB5220A98E570040E41B /* proxy.swift */; };
		B9C9EF8220AD1800009F3318 /* command.swift in Sources */ = {isa = PBXBuildFile; fileRef = B9C9EF8120AD1800009F3318 /* command.swift */; };
		B9D8327E20ECB0C5003DA233 /* strategy.swift in Sources */ = {isa = PBXBuildFile; fileRef = B9D8327D20ECB0C5003DA233 /* strategy.swift */; };
		B9D8328020ECB366003DA233 /* observer.swift in Sources */ = {isa = PBXBuildFile; fileRef = B9D8327F20ECB366003DA233 /* observer.swift */; };
/* End PBXBuildFile section */

/* Begin PBXCopyFilesBuildPhase section */
		9592375D20916EAA0073EBC0 /* CopyFiles */ = {
			isa = PBXCopyFilesBuildPhase;
			buildActionMask = 2147483647;
			dstPath = /usr/share/man/man1/;
			dstSubfolderSpec = 0;
			files = (
			);
			runOnlyForDeploymentPostprocessing = 1;
		};
/* End PBXCopyFilesBuildPhase section */

/* Begin PBXFileReference section */
		9592375F20916EAA0073EBC0 /* TestProject */ = {isa = PBXFileReference; explicitFileType = "compiled.mach-o.executable"; includeInIndex = 0; path = TestProject; sourceTree = BUILT_PRODUCTS_DIR; };
		9592376220916EAA0073EBC0 /* main.swift */ = {isa = PBXFileReference; lastKnownFileType = sourcecode.swift; path = main.swift; sourceTree = "<group>"; };
		9592376920916ECF0073EBC0 /* singleton.swift */ = {isa = PBXFileReference; lastKnownFileType = sourcecode.swift; path = singleton.swift; sourceTree = "<group>"; };
		9592376B2091732C0073EBC0 /* Burger.swift */ = {isa = PBXFileReference; lastKnownFileType = sourcecode.swift; path = Burger.swift; sourceTree = "<group>"; };
		B9BCAB4820A92D930040E41B /* TextValidationProtocol.swift */ = {isa = PBXFileReference; fileEncoding = 4; lastKnownFileType = sourcecode.swift; path = TextValidationProtocol.swift; sourceTree = "<group>"; };
		B9BCAB4A20A92DE20040E41B /* Validation.swift */ = {isa = PBXFileReference; lastKnownFileType = sourcecode.swift; path = Validation.swift; sourceTree = "<group>"; };
		B9BCAB4E20A979B10040E41B /* bridge.swift */ = {isa = PBXFileReference; lastKnownFileType = sourcecode.swift; path = bridge.swift; sourceTree = "<group>"; };
		B9BCAB5020A9878A0040E41B /* facade.swift */ = {isa = PBXFileReference; lastKnownFileType = sourcecode.swift; path = facade.swift; sourceTree = "<group>"; };
		B9BCAB5220A98E570040E41B /* proxy.swift */ = {isa = PBXFileReference; lastKnownFileType = sourcecode.swift; path = proxy.swift; sourceTree = "<group>"; };
		B9C9EF8120AD1800009F3318 /* command.swift */ = {isa = PBXFileReference; lastKnownFileType = sourcecode.swift; path = command.swift; sourceTree = "<group>"; };
		B9D8327D20ECB0C5003DA233 /* strategy.swift */ = {isa = PBXFileReference; lastKnownFileType = sourcecode.swift; path = strategy.swift; sourceTree = "<group>"; };
		B9D8327F20ECB366003DA233 /* observer.swift */ = {isa = PBXFileReference; lastKnownFileType = sourcecode.swift; path = observer.swift; sourceTree = "<group>"; };
/* End PBXFileReference section */

/* Begin PBXFrameworksBuildPhase section */
		9592375C20916EAA0073EBC0 /* Frameworks */ = {
			isa = PBXFrameworksBuildPhase;
			buildActionMask = 2147483647;
			files = (
			);
			runOnlyForDeploymentPostprocessing = 0;
		};
/* End PBXFrameworksBuildPhase section */

/* Begin PBXGroup section */
		9592375620916EAA0073EBC0 = {
			isa = PBXGroup;
			children = (
				9592376120916EAA0073EBC0 /* TestProject */,
				9592376020916EAA0073EBC0 /* Products */,
			);
			sourceTree = "<group>";
		};
		9592376020916EAA0073EBC0 /* Products */ = {
			isa = PBXGroup;
			children = (
				9592375F20916EAA0073EBC0 /* TestProject */,
			);
			name = Products;
			sourceTree = "<group>";
		};
		9592376120916EAA0073EBC0 /* TestProject */ = {
			isa = PBXGroup;
			children = (
				9592376220916EAA0073EBC0 /* main.swift */,
				9592376920916ECF0073EBC0 /* singleton.swift */,
				9592376B2091732C0073EBC0 /* Burger.swift */,
				B9BCAB4820A92D930040E41B /* TextValidationProtocol.swift */,
				B9BCAB4A20A92DE20040E41B /* Validation.swift */,
				B9BCAB4E20A979B10040E41B /* bridge.swift */,
				B9BCAB5020A9878A0040E41B /* facade.swift */,
				B9BCAB5220A98E570040E41B /* proxy.swift */,
				B9C9EF8120AD1800009F3318 /* command.swift */,
				B9D8327D20ECB0C5003DA233 /* strategy.swift */,
				B9D8327F20ECB366003DA233 /* observer.swift */,
			);
			path = TestProject;
			sourceTree = "<group>";
		};
/* End PBXGroup section */

/* Begin PBXNativeTarget section */
		9592375E20916EAA0073EBC0 /* TestProject */ = {
			isa = PBXNativeTarget;
			buildConfigurationList = 9592376620916EAA0073EBC0 /* Build configuration list for PBXNativeTarget "TestProject" */;
			buildPhases = (
				9592375B20916EAA0073EBC0 /* Sources */,
				9592375C20916EAA0073EBC0 /* Frameworks */,
				9592375D20916EAA0073EBC0 /* CopyFiles */,
			);
			buildRules = (
			);
			dependencies = (
			);
			name = TestProject;
			productName = TestProject;
			productReference = 9592375F20916EAA0073EBC0 /* TestProject */;
			productType = "com.apple.product-type.tool";
		};
/* End PBXNativeTarget section */

/* Begin PBXProject section */
		9592375720916EAA0073EBC0 /* Project object */ = {
			isa = PBXProject;
			attributes = {
				LastSwiftUpdateCheck = 0930;
				LastUpgradeCheck = 0930;
				ORGANIZATIONNAME = "Liu-Mac";
				TargetAttributes = {
					9592375E20916EAA0073EBC0 = {
						CreatedOnToolsVersion = 9.3;
					};
				};
			};
			buildConfigurationList = 9592375A20916EAA0073EBC0 /* Build configuration list for PBXProject "TestProject" */;
			compatibilityVersion = "Xcode 9.3";
			developmentRegion = en;
			hasScannedForEncodings = 0;
			knownRegions = (
				en,
			);
			mainGroup = 9592375620916EAA0073EBC0;
			productRefGroup = 9592376020916EAA0073EBC0 /* Products */;
			projectDirPath = "";
			projectRoot = "";
			targets = (
				9592375E20916EAA0073EBC0 /* TestProject */,
			);
		};
/* End PBXProject section */

/* Begin PBXSourcesBuildPhase section */
		9592375B20916EAA0073EBC0 /* Sources */ = {
			isa = PBXSourcesBuildPhase;
			buildActionMask = 2147483647;
			files = (
				B9D8327E20ECB0C5003DA233 /* strategy.swift in Sources */,
				B9C9EF8220AD1800009F3318 /* command.swift in Sources */,
				B9BCAB5320A98E570040E41B /* proxy.swift in Sources */,
				9592376320916EAA0073EBC0 /* main.swift in Sources */,
				B9BCAB4920A92D940040E41B /* TextValidationProtocol.swift in Sources */,
				B9BCAB4F20A979B10040E41B /* bridge.swift in Sources */,
				9592376A20916ECF0073EBC0 /* singleton.swift in Sources */,
				B9BCAB5120A9878A0040E41B /* facade.swift in Sources */,
				B9BCAB4B20A92DE20040E41B /* Validation.swift in Sources */,
				9592376C2091732C0073EBC0 /* Burger.swift in Sources */,
				B9D8328020ECB366003DA233 /* observer.swift in Sources */,
			);
			runOnlyForDeploymentPostprocessing = 0;
		};
/* End PBXSourcesBuildPhase section */

/* Begin XCBuildConfiguration section */
		9592376420916EAA0073EBC0 /* Debug */ = {
			isa = XCBuildConfiguration;
			buildSettings = {
				ALWAYS_SEARCH_USER_PATHS = NO;
				CLANG_ANALYZER_NONNULL = YES;
				CLANG_ANALYZER_NUMBER_OBJECT_CONVERSION = YES_AGGRESSIVE;
				CLANG_CXX_LANGUAGE_STANDARD = "gnu++14";
				CLANG_CXX_LIBRARY = "libc++";
				CLANG_ENABLE_MODULES = YES;
				CLANG_ENABLE_OBJC_ARC = YES;
				CLANG_ENABLE_OBJC_WEAK = YES;
				CLANG_WARN_BLOCK_CAPTURE_AUTORELEASING = YES;
				CLANG_WARN_BOOL_CONVERSION = YES;
				CLANG_WARN_COMMA = YES;
				CLANG_WARN_CONSTANT_CONVERSION = YES;
				CLANG_WARN_DEPRECATED_OBJC_IMPLEMENTATIONS = YES;
				CLANG_WARN_DIRECT_OBJC_ISA_USAGE = YES_ERROR;
				CLANG_WARN_DOCUMENTATION_COMMENTS = YES;
				CLANG_WARN_EMPTY_BODY = YES;
				CLANG_WARN_ENUM_CONVERSION = YES;
				CLANG_WARN_INFINITE_RECURSION = YES;
				CLANG_WARN_INT_CONVERSION = YES;
				CLANG_WARN_NON_LITERAL_NULL_CONVERSION = YES;
				CLANG_WARN_OBJC_IMPLICIT_RETAIN_SELF = YES;
				CLANG_WARN_OBJC_LITERAL_CONVERSION = YES;
				CLANG_WARN_OBJC_ROOT_CLASS = YES_ERROR;
				CLANG_WARN_RANGE_LOOP_ANALYSIS = YES;
				CLANG_WARN_STRICT_PROTOTYPES = YES;
				CLANG_WARN_SUSPICIOUS_MOVE = YES;
				CLANG_WARN_UNGUARDED_AVAILABILITY = YES_AGGRESSIVE;
				CLANG_WARN_UNREACHABLE_CODE = YES;
				CLANG_WARN__DUPLICATE_METHOD_MATCH = YES;
				CODE_SIGN_IDENTITY = "-";
				COPY_PHASE_STRIP = NO;
				DEBUG_INFORMATION_FORMAT = dwarf;
				ENABLE_STRICT_OBJC_MSGSEND = YES;
				ENABLE_TESTABILITY = YES;
				GCC_C_LANGUAGE_STANDARD = gnu11;
				GCC_DYNAMIC_NO_PIC = NO;
				GCC_NO_COMMON_BLOCKS = YES;
				GCC_OPTIMIZATION_LEVEL = 0;
				GCC_PREPROCESSOR_DEFINITIONS = (
					"DEBUG=1",
					"$(inherited)",
				);
				GCC_WARN_64_TO_32_BIT_CONVERSION = YES;
				GCC_WARN_ABOUT_RETURN_TYPE = YES_ERROR;
				GCC_WARN_UNDECLARED_SELECTOR = YES;
				GCC_WARN_UNINITIALIZED_AUTOS = YES_AGGRESSIVE;
				GCC_WARN_UNUSED_FUNCTION = YES;
				GCC_WARN_UNUSED_VARIABLE = YES;
				MACOSX_DEPLOYMENT_TARGET = 10.13;
				MTL_ENABLE_DEBUG_INFO = YES;
				ONLY_ACTIVE_ARCH = YES;
				SDKROOT = macosx;
				SWIFT_ACTIVE_COMPILATION_CONDITIONS = DEBUG;
				SWIFT_OPTIMIZATION_LEVEL = "-Onone";
			};
			name = Debug;
		};
		9592376520916EAA0073EBC0 /* Release */ = {
			isa = XCBuildConfiguration;
			buildSettings = {
				ALWAYS_SEARCH_USER_PATHS = NO;
				CLANG_ANALYZER_NONNULL = YES;
				CLANG_ANALYZER_NUMBER_OBJECT_CONVERSION = YES_AGGRESSIVE;
				CLANG_CXX_LANGUAGE_STANDARD = "gnu++14";
				CLANG_CXX_LIBRARY = "libc++";
				CLANG_ENABLE_MODULES = YES;
				CLANG_ENABLE_OBJC_ARC = YES;
				CLANG_ENABLE_OBJC_WEAK = YES;
				CLANG_WARN_BLOCK_CAPTURE_AUTORELEASING = YES;
				CLANG_WARN_BOOL_CONVERSION = YES;
				CLANG_WARN_COMMA = YES;
				CLANG_WARN_CONSTANT_CONVERSION = YES;
				CLANG_WARN_DEPRECATED_OBJC_IMPLEMENTATIONS = YES;
				CLANG_WARN_DIRECT_OBJC_ISA_USAGE = YES_ERROR;
				CLANG_WARN_DOCUMENTATION_COMMENTS = YES;
				CLANG_WARN_EMPTY_BODY = YES;
				CLANG_WARN_ENUM_CONVERSION = YES;
				CLANG_WARN_INFINITE_RECURSION = YES;
				CLANG_WARN_INT_CONVERSION = YES;
				CLANG_WARN_NON_LITERAL_NULL_CONVERSION = YES;
				CLANG_WARN_OBJC_IMPLICIT_RETAIN_SELF = YES;
				CLANG_WARN_OBJC_LITERAL_CONVERSION = YES;
				CLANG_WARN_OBJC_ROOT_CLASS = YES_ERROR;
				CLANG_WARN_RANGE_LOOP_ANALYSIS = YES;
				CLANG_WARN_STRICT_PROTOTYPES = YES;
				CLANG_WARN_SUSPICIOUS_MOVE = YES;
				CLANG_WARN_UNGUARDED_AVAILABILITY = YES_AGGRESSIVE;
				CLANG_WARN_UNREACHABLE_CODE = YES;
				CLANG_WARN__DUPLICATE_METHOD_MATCH = YES;
				CODE_SIGN_IDENTITY = "-";
				COPY_PHASE_STRIP = NO;
				DEBUG_INFORMATION_FORMAT = "dwarf-with-dsym";
				ENABLE_NS_ASSERTIONS = NO;
				ENABLE_STRICT_OBJC_MSGSEND = YES;
				GCC_C_LANGUAGE_STANDARD = gnu11;
				GCC_NO_COMMON_BLOCKS = YES;
				GCC_WARN_64_TO_32_BIT_CONVERSION = YES;
				GCC_WARN_ABOUT_RETURN_TYPE = YES_ERROR;
				GCC_WARN_UNDECLARED_SELECTOR = YES;
				GCC_WARN_UNINITIALIZED_AUTOS = YES_AGGRESSIVE;
				GCC_WARN_UNUSED_FUNCTION = YES;
				GCC_WARN_UNUSED_VARIABLE = YES;
				MACOSX_DEPLOYMENT_TARGET = 10.13;
				MTL_ENABLE_DEBUG_INFO = NO;
				SDKROOT = macosx;
				SWIFT_COMPILATION_MODE = wholemodule;
				SWIFT_OPTIMIZATION_LEVEL = "-O";
			};
			name = Release;
		};
		9592376720916EAA0073EBC0 /* Debug */ = {
			isa = XCBuildConfiguration;
			buildSettings = {
				CODE_SIGN_STYLE = Automatic;
				PRODUCT_NAME = "$(TARGET_NAME)";
				SWIFT_VERSION = 4.0;
			};
			name = Debug;
		};
		9592376820916EAA0073EBC0 /* Release */ = {
			isa = XCBuildConfiguration;
			buildSettings = {
				CODE_SIGN_STYLE = Automatic;
				PRODUCT_NAME = "$(TARGET_NAME)";
				SWIFT_VERSION = 4.0;
			};
			name = Release;
		};
/* End XCBuildConfiguration section */

/* Begin XCConfigurationList section */
		9592375A20916EAA0073EBC0 /* Build configuration list for PBXProject "TestProject" */ = {
			isa = XCConfigurationList;
			buildConfigurations = (
				9592376420916EAA0073EBC0 /* Debug */,
				9592376520916EAA0073EBC0 /* Release */,
			);
			defaultConfigurationIsVisible = 0;
			defaultConfigurationName = Release;
		};
		9592376620916EAA0073EBC0 /* Build configuration list for PBXNativeTarget "TestProject" */ = {
			isa = XCConfigurationList;
			buildConfigurations = (
				9592376720916EAA0073EBC0 /* Debug */,
				9592376820916EAA0073EBC0 /* Release */,
			);
			defaultConfigurationIsVisible = 0;
			defaultConfigurationName = Release;
		};
/* End XCConfigurationList section */
	};
	rootObject = 9592375720916EAA0073EBC0 /* Project object */;
}
